{
    "requires": true,
    "lockfileVersion": 1,
    "dependencies": {
        "angular-resource": {
            "version": "1.6.10",
            "resolved": "https://registry.npmjs.org/angular-resource/-/angular-resource-1.6.10.tgz",
            "integrity": "sha512-jrYXUGPtpv/lTBlYZ6HZefIV6Lb+6e1HUavBPg9TSzW7s4zYRBWzMj6vMg8gZzVjWdH/nYBWfilV0qfnmZSI+A=="
        }
    }
}
